<?xml version="1.0" encoding="utf-8"?>
<Project ToolsVersion="4.0" xmlns="http://schemas.microsoft.com/developer/msbuild/2003">
  <ItemGroup>
    <ClCompile Include="wavpack\bits.c">
      <Filter>Source Files</Filter>
    </ClCompile>
    <ClCompile Include="wavpack\extra1.c">
      <Filter>Source Files</Filter>
    </ClCompile>
    <ClCompile Include="wavpack\extra2.c">
      <Filter>Source Files</Filter>
    </ClCompile>
    <ClCompile Include="wavpack\float.c">
      <Filter>Source Files</Filter>
    </ClCompile>
    <ClCompile Include="wavpack\md5.c">
      <Filter>Source Files</Filter>
    </ClCompile>
    <ClCompile Include="wavpack\metadata.c">
      <Filter>Source Files</Filter>
    </ClCompile>
    <ClCompile Include="wavpack\pack.c">
      <Filter>Source Files</Filter>
    </ClCompile>
    <ClCompile Include="wavpack\tags.c">
      <Filter>Source Files</Filter>
    </ClCompile>
    <ClCompile Include="wavpack\unpack.c">
      <Filter>Source Files</Filter>
    </ClCompile>
    <ClCompile Include="wavpack\unpack3.c">
      <Filter>Source Files</Filter>
    </ClCompile>
    <ClCompile Include="wavpack\utils.c">
      <Filter>Source Files</Filter>
    </ClCompile>
    <ClCompile Include="wavpack\wavpack.c">
      <Filter>Source Files</Filter>
    </ClCompile>
    <ClCompile Include="wavpack_buffer_decoder.c">
      <Filter>Source Files</Filter>
    </ClCompile>
    <ClCompile Include="wavpack_frame.c">
      <Filter>Source Files</Filter>
    </ClCompile>
    <ClCompile Include="wavpack_parser.c">
      <Filter>Source Files</Filter>
    </ClCompile>
    <ClCompile Include="wavpack\words.c">
      <Filter>Source Files</Filter>
    </ClCompile>
    <ClCompile Include="wavpack\wputils.c">
      <Filter>Source Files</Filter>
    </ClCompile>
  </ItemGroup>
  <ItemGroup>
    <ClInclude Include="wavpack\filters.h">
      <Filter>Header Files</Filter>
    </ClInclude>
    <ClInclude Include="wavpack\md5.h">
      <Filter>Header Files</Filter>
    </ClInclude>
    <ClInclude Include="wavpack\unpack3.h">
      <Filter>Header Files</Filter>
    </ClInclude>
    <ClInclude Include="wavpack\utils.h">
      <Filter>Header Files</Filter>
    </ClInclude>
    <ClInclude Include="wavpack\wavpack.h">
      <Filter>Header Files</Filter>
    </ClInclude>
    <ClInclude Include="wavpack_buffer_decoder.h">
      <Filter>Header Files</Filter>
    </ClInclude>
    <ClInclude Include="wavpack_common.h">
      <Filter>Header Files</Filter>
    </ClInclude>
    <ClInclude Include="wavpack_frame.h">
      <Filter>Header Files</Filter>
    </ClInclude>
    <ClInclude Include="wavpack\wavpack_local.h">
      <Filter>Header Files</Filter>
    </ClInclude>
    <ClInclude Include="wavpack_parser.h">
      <Filter>Header Files</Filter>
    </ClInclude>
    <ClInclude Include="wavpack\wavpack_version.h">
      <Filter>Header Files</Filter>
    </ClInclude>
    <ClInclude Include="wavpack\wputils.h">
      <Filter>Header Files</Filter>
    </ClInclude>
  </ItemGroup>
  <ItemGroup>
    <Filter Include="Header Files">
      <UniqueIdentifier>{d54d8fe3-1f3b-4b06-9191-db6493e2d6ca}</UniqueIdentifier>
    </Filter>
    <Filter Include="Source Files">
      <UniqueIdentifier>{aa10a761-97a8-497e-9a21-e73ff0364b9b}</UniqueIdentifier>
    </Filter>
  </ItemGroup>
</Project>