<?xml version="1.0" encoding="utf-8"?>
<Project ToolsVersion="4.0" xmlns="http://schemas.microsoft.com/developer/msbuild/2003">
  <ItemGroup>
    <Filter Include="Source Files">
      <UniqueIdentifier>{4FC737F1-C7A5-4376-A066-2A32D752A2FF}</UniqueIdentifier>
      <Extensions>cpp;c;cc;cxx;def;odl;idl;hpj;bat;asm;asmx</Extensions>
    </Filter>
    <Filter Include="Header Files">
      <UniqueIdentifier>{93995380-89BD-4b04-88EB-625FBE52EBFB}</UniqueIdentifier>
      <Extensions>h;hpp;hxx;hm;inl;inc;xsd</Extensions>
    </Filter>
  </ItemGroup>
  <ItemGroup>
    <ClInclude Include="dsp\dsp.h">
      <Filter>Header Files</Filter>
    </ClInclude>
    <ClInclude Include="enc\cost.h">
      <Filter>Header Files</Filter>
    </ClInclude>
    <ClInclude Include="enc\vp8enci.h">
      <Filter>Header Files</Filter>
    </ClInclude>
    <ClInclude Include="utils\bit_reader.h">
      <Filter>Header Files</Filter>
    </ClInclude>
    <ClInclude Include="utils\bit_writer.h">
      <Filter>Header Files</Filter>
    </ClInclude>
    <ClInclude Include="webp\decode.h">
      <Filter>Header Files</Filter>
    </ClInclude>
    <ClInclude Include="webp\encode.h">
      <Filter>Header Files</Filter>
    </ClInclude>
    <ClInclude Include="webp\types.h">
      <Filter>Header Files</Filter>
    </ClInclude>
    <ClInclude Include="utils\quant_levels_dec.h">
      <Filter>Header Files</Filter>
    </ClInclude>
    <ClInclude Include="webp\mux_types.h">
      <Filter>Header Files</Filter>
    </ClInclude>
    <ClInclude Include="dec\alphai.h">
      <Filter>Header Files</Filter>
    </ClInclude>
    <ClInclude Include="utils\alpha_processing.h">
      <Filter>Header Files</Filter>
    </ClInclude>
    <ClInclude Include="utils\random.h">
      <Filter>Header Files</Filter>
    </ClInclude>
  </ItemGroup>
  <ItemGroup>
    <ClCompile Include="dec\alpha.c">
      <Filter>Source Files</Filter>
    </ClCompile>
    <ClCompile Include="dec\buffer.c">
      <Filter>Source Files</Filter>
    </ClCompile>
    <ClCompile Include="dec\frame.c">
      <Filter>Source Files</Filter>
    </ClCompile>
    <ClCompile Include="dec\idec.c">
      <Filter>Source Files</Filter>
    </ClCompile>
    <ClCompile Include="dec\io.c">
      <Filter>Source Files</Filter>
    </ClCompile>
    <ClCompile Include="dec\quant.c">
      <Filter>Source Files</Filter>
    </ClCompile>
    <ClCompile Include="dec\tree.c">
      <Filter>Source Files</Filter>
    </ClCompile>
    <ClCompile Include="dec\vp8.c">
      <Filter>Source Files</Filter>
    </ClCompile>
    <ClCompile Include="dec\vp8l.c">
      <Filter>Source Files</Filter>
    </ClCompile>
    <ClCompile Include="dec\webp.c">
      <Filter>Source Files</Filter>
    </ClCompile>
    <ClCompile Include="dsp\cpu.c">
      <Filter>Source Files</Filter>
    </ClCompile>
    <ClCompile Include="dsp\dec.c">
      <Filter>Source Files</Filter>
    </ClCompile>
    <ClCompile Include="dsp\dec_sse2.c">
      <Filter>Source Files</Filter>
    </ClCompile>
    <ClCompile Include="dsp\enc.c">
      <Filter>Source Files</Filter>
    </ClCompile>
    <ClCompile Include="dsp\enc_sse2.c">
      <Filter>Source Files</Filter>
    </ClCompile>
    <ClCompile Include="dsp\lossless.c">
      <Filter>Source Files</Filter>
    </ClCompile>
    <ClCompile Include="dsp\upsampling.c">
      <Filter>Source Files</Filter>
    </ClCompile>
    <ClCompile Include="dsp\upsampling_sse2.c">
      <Filter>Source Files</Filter>
    </ClCompile>
    <ClCompile Include="dsp\yuv.c">
      <Filter>Source Files</Filter>
    </ClCompile>
    <ClCompile Include="enc\alpha.c">
      <Filter>Source Files</Filter>
    </ClCompile>
    <ClCompile Include="enc\analysis.c">
      <Filter>Source Files</Filter>
    </ClCompile>
    <ClCompile Include="enc\backward_references.c">
      <Filter>Source Files</Filter>
    </ClCompile>
    <ClCompile Include="enc\config.c">
      <Filter>Source Files</Filter>
    </ClCompile>
    <ClCompile Include="enc\cost.c">
      <Filter>Source Files</Filter>
    </ClCompile>
    <ClCompile Include="enc\filter.c">
      <Filter>Source Files</Filter>
    </ClCompile>
    <ClCompile Include="enc\frame.c">
      <Filter>Source Files</Filter>
    </ClCompile>
    <ClCompile Include="enc\histogram.c">
      <Filter>Source Files</Filter>
    </ClCompile>
    <ClCompile Include="enc\iterator.c">
      <Filter>Source Files</Filter>
    </ClCompile>
    <ClCompile Include="enc\picture.c">
      <Filter>Source Files</Filter>
    </ClCompile>
    <ClCompile Include="enc\quant.c">
      <Filter>Source Files</Filter>
    </ClCompile>
    <ClCompile Include="enc\syntax.c">
      <Filter>Source Files</Filter>
    </ClCompile>
    <ClCompile Include="enc\token.c">
      <Filter>Source Files</Filter>
    </ClCompile>
    <ClCompile Include="enc\tree.c">
      <Filter>Source Files</Filter>
    </ClCompile>
    <ClCompile Include="enc\vp8l.c">
      <Filter>Source Files</Filter>
    </ClCompile>
    <ClCompile Include="enc\webpenc.c">
      <Filter>Source Files</Filter>
    </ClCompile>
    <ClCompile Include="utils\bit_reader.c">
      <Filter>Source Files</Filter>
    </ClCompile>
    <ClCompile Include="utils\bit_writer.c">
      <Filter>Source Files</Filter>
    </ClCompile>
    <ClCompile Include="utils\color_cache.c">
      <Filter>Source Files</Filter>
    </ClCompile>
    <ClCompile Include="utils\filters.c">
      <Filter>Source Files</Filter>
    </ClCompile>
    <ClCompile Include="utils\huffman.c">
      <Filter>Source Files</Filter>
    </ClCompile>
    <ClCompile Include="utils\huffman_encode.c">
      <Filter>Source Files</Filter>
    </ClCompile>
    <ClCompile Include="utils\quant_levels.c">
      <Filter>Source Files</Filter>
    </ClCompile>
    <ClCompile Include="utils\rescaler.c">
      <Filter>Source Files</Filter>
    </ClCompile>
    <ClCompile Include="utils\thread.c">
      <Filter>Source Files</Filter>
    </ClCompile>
    <ClCompile Include="utils\utils.c">
      <Filter>Source Files</Filter>
    </ClCompile>
    <ClCompile Include="utils\quant_levels_dec.c">
      <Filter>Source Files</Filter>
    </ClCompile>
    <ClCompile Include="utils\alpha_processing.c">
      <Filter>Source Files</Filter>
    </ClCompile>
    <ClCompile Include="utils\random.c">
      <Filter>Source Files</Filter>
    </ClCompile>
    <ClCompile Include="dsp\dec_clip_tables.c">
      <Filter>Source Files</Filter>
    </ClCompile>
    <ClCompile Include="dsp\lossless_sse2.c">
      <Filter>Source Files</Filter>
    </ClCompile>
  </ItemGroup>
</Project>