<?xml version="1.0" encoding="utf-8"?>
<Project ToolsVersion="4.0" xmlns="http://schemas.microsoft.com/developer/msbuild/2003">
  <ItemGroup>
    <ClCompile Include="mixer.cpp">
      <Filter>Source Files</Filter>
    </ClCompile>
    <ClCompile Include="spk.cpp">
      <Filter>Source Files</Filter>
    </ClCompile>
    <ClCompile Include="stdafx.cpp">
      <Filter>Source Files</Filter>
    </ClCompile>
  </ItemGroup>
  <ItemGroup>
    <ClInclude Include="mixer.h">
      <Filter>Header Files</Filter>
    </ClInclude>
    <ClInclude Include="spk.h">
      <Filter>Header Files</Filter>
    </ClInclude>
    <ClInclude Include="stdafx.h">
      <Filter>Header Files</Filter>
    </ClInclude>
  </ItemGroup>
  <ItemGroup>
    <Filter Include="Header Files">
      <UniqueIdentifier>{d50e641a-c60a-47fe-a195-f43e8c9b57dd}</UniqueIdentifier>
    </Filter>
    <Filter Include="Source Files">
      <UniqueIdentifier>{2a489ef0-5ae4-405f-8b86-5e055efb8a8c}</UniqueIdentifier>
    </Filter>
  </ItemGroup>
</Project>